
Microsoft Visual Studio Solution File, Format Version 12.00
# Visual Studio 15
VisualStudioVersion = 15.0.26403.7
MinimumVisualStudioVersion = 10.0.40219.1
Project("{FAE04EC0-301F-11D3-BF4B-00C04F79EFBC}") = "Factorizor.BLL", "Factorizor.BLL\Factorizor.BLL.csproj", "{A3D7E22C-3BB8-4A4A-B95B-6F4887D9FEEB}"
EndProject
Project("{FAE04EC0-301F-11D3-BF4B-00C04F79EFBC}") = "Factorizor.Tests", "Factorizor.Tests\Factorizor.Tests.csproj", "{D9018C05-2B48-4543-A230-B7A9AC0A8E94}"
EndProject
Project("{FAE04EC0-301F-11D3-BF4B-00C04F79EFBC}") = "Factorizor.UI", "Factorizor.UI2\Factorizor.UI.csproj", "{1F668AD7-BF6B-4381-A693-63F93E08D155}"
EndProject
Global
	GlobalSection(SolutionConfigurationPlatforms) = preSolution
		Debug|Any CPU = Debug|Any CPU
		Release|Any CPU = Release|Any CPU
	EndGlobalSection
	GlobalSection(ProjectConfigurationPlatforms) = postSolution
		{A3D7E22C-3BB8-4A4A-B95B-6F4887D9FEEB}.Debug|Any CPU.ActiveCfg = Debug|Any CPU
		{A3D7E22C-3BB8-4A4A-B95B-6F4887D9FEEB}.Debug|Any CPU.Build.0 = Debug|Any CPU
		{A3D7E22C-3BB8-4A4A-B95B-6F4887D9FEEB}.Release|Any CPU.ActiveCfg = Release|Any CPU
		{A3D7E22C-3BB8-4A4A-B95B-6F4887D9FEEB}.Release|Any CPU.Build.0 = Release|Any CPU
		{D9018C05-2B48-4543-A230-B7A9AC0A8E94}.Debug|Any CPU.ActiveCfg = Debug|Any CPU
		{D9018C05-2B48-4543-A230-B7A9AC0A8E94}.Debug|Any CPU.Build.0 = Debug|Any CPU
		{D9018C05-2B48-4543-A230-B7A9AC0A8E94}.Release|Any CPU.ActiveCfg = Release|Any CPU
		{D9018C05-2B48-4543-A230-B7A9AC0A8E94}.Release|Any CPU.Build.0 = Release|Any CPU
		{1F668AD7-BF6B-4381-A693-63F93E08D155}.Debug|Any CPU.ActiveCfg = Debug|Any CPU
		{1F668AD7-BF6B-4381-A693-63F93E08D155}.Debug|Any CPU.Build.0 = Debug|Any CPU
		{1F668AD7-BF6B-4381-A693-63F93E08D155}.Release|Any CPU.ActiveCfg = Release|Any CPU
		{1F668AD7-BF6B-4381-A693-63F93E08D155}.Release|Any CPU.Build.0 = Release|Any CPU
	EndGlobalSection
	GlobalSection(SolutionProperties) = preSolution
		HideSolutionNode = FALSE
	EndGlobalSection
EndGlobal
