
Microsoft Visual Studio Solution File, Format Version 12.00
# Visual Studio 15
VisualStudioVersion = 15.0.26403.7
MinimumVisualStudioVersion = 10.0.40219.1
Project("{FAE04EC0-301F-11D3-BF4B-00C04F79EFBC}") = "SGBank.UI", "SGBank.UI\SGBank.UI.csproj", "{DC06A299-58A9-464B-80F5-8C6A909335F5}"
EndProject
Project("{FAE04EC0-301F-11D3-BF4B-00C04F79EFBC}") = "SGBank.Models", "SGBank.Models\SGBank.Models.csproj", "{CDCEBBA5-BD96-4D0C-9CDA-19C1F9CB8CF3}"
EndProject
Project("{FAE04EC0-301F-11D3-BF4B-00C04F79EFBC}") = "SGBank.BLL", "SGBank.BLL\SGBank.BLL.csproj", "{CAB9539A-2132-4C7F-A8F9-1B3A4D41D7EF}"
EndProject
Project("{FAE04EC0-301F-11D3-BF4B-00C04F79EFBC}") = "SGBank.Data", "SGBank.Data\SGBank.Data.csproj", "{73CA3BE3-6E47-4205-A0BF-A8F67C029168}"
EndProject
Project("{FAE04EC0-301F-11D3-BF4B-00C04F79EFBC}") = "SGBankTest", "SGBankTest\SGBankTest.csproj", "{FFA3737C-50F8-4458-897C-4BDC206F766D}"
EndProject
Global
	GlobalSection(SolutionConfigurationPlatforms) = preSolution
		Debug|Any CPU = Debug|Any CPU
		Release|Any CPU = Release|Any CPU
	EndGlobalSection
	GlobalSection(ProjectConfigurationPlatforms) = postSolution
		{DC06A299-58A9-464B-80F5-8C6A909335F5}.Debug|Any CPU.ActiveCfg = Debug|Any CPU
		{DC06A299-58A9-464B-80F5-8C6A909335F5}.Debug|Any CPU.Build.0 = Debug|Any CPU
		{DC06A299-58A9-464B-80F5-8C6A909335F5}.Release|Any CPU.ActiveCfg = Release|Any CPU
		{DC06A299-58A9-464B-80F5-8C6A909335F5}.Release|Any CPU.Build.0 = Release|Any CPU
		{CDCEBBA5-BD96-4D0C-9CDA-19C1F9CB8CF3}.Debug|Any CPU.ActiveCfg = Debug|Any CPU
		{CDCEBBA5-BD96-4D0C-9CDA-19C1F9CB8CF3}.Debug|Any CPU.Build.0 = Debug|Any CPU
		{CDCEBBA5-BD96-4D0C-9CDA-19C1F9CB8CF3}.Release|Any CPU.ActiveCfg = Release|Any CPU
		{CDCEBBA5-BD96-4D0C-9CDA-19C1F9CB8CF3}.Release|Any CPU.Build.0 = Release|Any CPU
		{CAB9539A-2132-4C7F-A8F9-1B3A4D41D7EF}.Debug|Any CPU.ActiveCfg = Debug|Any CPU
		{CAB9539A-2132-4C7F-A8F9-1B3A4D41D7EF}.Debug|Any CPU.Build.0 = Debug|Any CPU
		{CAB9539A-2132-4C7F-A8F9-1B3A4D41D7EF}.Release|Any CPU.ActiveCfg = Release|Any CPU
		{CAB9539A-2132-4C7F-A8F9-1B3A4D41D7EF}.Release|Any CPU.Build.0 = Release|Any CPU
		{73CA3BE3-6E47-4205-A0BF-A8F67C029168}.Debug|Any CPU.ActiveCfg = Debug|Any CPU
		{73CA3BE3-6E47-4205-A0BF-A8F67C029168}.Debug|Any CPU.Build.0 = Debug|Any CPU
		{73CA3BE3-6E47-4205-A0BF-A8F67C029168}.Release|Any CPU.ActiveCfg = Release|Any CPU
		{73CA3BE3-6E47-4205-A0BF-A8F67C029168}.Release|Any CPU.Build.0 = Release|Any CPU
		{FFA3737C-50F8-4458-897C-4BDC206F766D}.Debug|Any CPU.ActiveCfg = Debug|Any CPU
		{FFA3737C-50F8-4458-897C-4BDC206F766D}.Debug|Any CPU.Build.0 = Debug|Any CPU
		{FFA3737C-50F8-4458-897C-4BDC206F766D}.Release|Any CPU.ActiveCfg = Release|Any CPU
		{FFA3737C-50F8-4458-897C-4BDC206F766D}.Release|Any CPU.Build.0 = Release|Any CPU
	EndGlobalSection
	GlobalSection(SolutionProperties) = preSolution
		HideSolutionNode = FALSE
	EndGlobalSection
EndGlobal
